
Microsoft Visual Studio Solution File, Format Version 12.00
# Visual Studio Version 17
VisualStudioVersion = 17.10.35027.167
MinimumVisualStudioVersion = 10.0.40219.1
Project("{FAE04EC0-301F-11D3-BF4B-00C04F79EFBC}") = "ProductionConsoleApp", "ProductionConsoleApp\ProductionConsoleApp.csproj", "{296FD2B3-88D2-4C89-9F96-B0FF2F9D3FB0}"
EndProject
Project("{FAE04EC0-301F-11D3-BF4B-00C04F79EFBC}") = "ClassLibrary", "ClassLibrary\ClassLibrary.csproj", "{B90F82FF-0779-48E4-A85B-FA578F05E90C}"
EndProject
Global
	GlobalSection(SolutionConfigurationPlatforms) = preSolution
		Debug|Any CPU = Debug|Any CPU
		Release|Any CPU = Release|Any CPU
	EndGlobalSection
	GlobalSection(ProjectConfigurationPlatforms) = postSolution
		{296FD2B3-88D2-4C89-9F96-B0FF2F9D3FB0}.Debug|Any CPU.ActiveCfg = Debug|Any CPU
		{296FD2B3-88D2-4C89-9F96-B0FF2F9D3FB0}.Debug|Any CPU.Build.0 = Debug|Any CPU
		{296FD2B3-88D2-4C89-9F96-B0FF2F9D3FB0}.Release|Any CPU.ActiveCfg = Release|Any CPU
		{296FD2B3-88D2-4C89-9F96-B0FF2F9D3FB0}.Release|Any CPU.Build.0 = Release|Any CPU
		{B90F82FF-0779-48E4-A85B-FA578F05E90C}.Debug|Any CPU.ActiveCfg = Debug|Any CPU
		{B90F82FF-0779-48E4-A85B-FA578F05E90C}.Debug|Any CPU.Build.0 = Debug|Any CPU
		{B90F82FF-0779-48E4-A85B-FA578F05E90C}.Release|Any CPU.ActiveCfg = Release|Any CPU
		{B90F82FF-0779-48E4-A85B-FA578F05E90C}.Release|Any CPU.Build.0 = Release|Any CPU
	EndGlobalSection
	GlobalSection(SolutionProperties) = preSolution
		HideSolutionNode = FALSE
	EndGlobalSection
	GlobalSection(ExtensibilityGlobals) = postSolution
		SolutionGuid = {EEF8792A-FF06-4450-BFFB-660D7EBA42F0}
	EndGlobalSection
EndGlobal
